<?xml version="1.0" encoding="utf-8"?>
<Project ToolsVersion="4.0" xmlns="http://schemas.microsoft.com/developer/msbuild/2003">
  <ItemGroup>
    <FxCompile Include="Assets\Shaders\GrayScalePS.hlsl" />
    <FxCompile Include="Assets\Shaders\InverseColorPS.hlsl" />
    <FxCompile Include="Assets\Shaders\BlurPS.hlsl" />
    <FxCompile Include="Assets\Shaders\PostEffectPS.hlsl" />
    <FxCompile Include="Assets\Shaders\PostEffectVS.hlsl" />
    <FxCompile Include="Assets\Shaders\RGBShiftPS.hlsl" />
    <FxCompile Include="Assets\Shaders\ScanLinePS.hlsl" />
    <FxCompile Include="Assets\Shaders\SepiaPS.hlsl" />
    <FxCompile Include="Assets\Shaders\TilingPS.hlsl" />
    <FxCompile Include="Assets\Shaders\UvScrollPS.hlsl" />
    <FxCompile Include="Assets\Shaders\3d\GBufferVS.hlsl">
      <Filter>Shader\3d\GBuffer</Filter>
    </FxCompile>
    <FxCompile Include="Assets\Shaders\3d\GbufferPS.hlsl">
      <Filter>Shader\3d\GBuffer</Filter>
    </FxCompile>
    <FxCompile Include="Assets\Shaders\3d\DeferredShaderPS.hlsl">
      <Filter>Shader\3d\GBuffer</Filter>
    </FxCompile>
    <FxCompile Include="Assets\Shaders\3d\DeferredShaderVS.hlsl">
      <Filter>Shader\3d\GBuffer</Filter>
    </FxCompile>
    <FxCompile Include="Assets\Shaders\SkyBoxPS.hlsl">
      <Filter>Shader\3d</Filter>
    </FxCompile>
    <FxCompile Include="Assets\Shaders\SkyBoxVS.hlsl">
      <Filter>Shader\3d</Filter>
    </FxCompile>
  </ItemGroup>
  <ItemGroup>
    <ClCompile Include="..\DirectX\AudioManager\AudioManager.cpp" />
    <ClCompile Include="..\DirectX\DirectXCommon\DirectXCommon.cpp" />
    <ClCompile Include="..\DirectX\Input\ControllerInput.cpp" />
    <ClCompile Include="..\DirectX\Object3d\ModelManager.cpp" />
    <ClCompile Include="..\DirectX\WinApp\WinApp.cpp" />
    <ClCompile Include="..\Scene\GameScene.cpp" />
    <ClCompile Include="..\Scene\TitleScene.cpp" />
    <ClCompile Include="..\System\Looper\Looper.cpp" />
    <ClCompile Include="..\System\SystemMain\SystemMain.cpp" />
    <ClCompile Include="2d\PostEffect.cpp" />
    <ClCompile Include="2d\Sprite.cpp" />
    <ClCompile Include="Editor.cpp" />
    <ClCompile Include="FileManager.cpp" />
    <ClCompile Include="main.cpp" />
    <ClCompile Include="Object3dComponent.cpp" />
    <ClCompile Include="PipelineManager.cpp" />
    <ClCompile Include="PrimitiveRenderer.cpp" />
    <ClCompile Include="3d\Fbx\Fbx.cpp">
      <Filter>3dオブジェクト\FBX</Filter>
    </ClCompile>
    <ClCompile Include="3d\Fbx\FbxResource.cpp">
      <Filter>3dオブジェクト\FBX</Filter>
    </ClCompile>
    <ClCompile Include="Scene\AbstractScene\AbstractScene.cpp">
      <Filter>Scene\AbstractScene</Filter>
    </ClCompile>
    <ClCompile Include="ImGui\imgui.cpp">
      <Filter>ImGui</Filter>
    </ClCompile>
    <ClCompile Include="ImGui\imgui_demo.cpp">
      <Filter>ImGui</Filter>
    </ClCompile>
    <ClCompile Include="ImGui\imgui_draw.cpp">
      <Filter>ImGui</Filter>
    </ClCompile>
    <ClCompile Include="ImGui\imgui_impl_dx12.cpp">
      <Filter>ImGui</Filter>
    </ClCompile>
    <ClCompile Include="ImGui\imgui_impl_win32.cpp">
      <Filter>ImGui</Filter>
    </ClCompile>
    <ClCompile Include="ImGui\imgui_tables.cpp">
      <Filter>ImGui</Filter>
    </ClCompile>
    <ClCompile Include="ImGui\imgui_widgets.cpp">
      <Filter>ImGui</Filter>
    </ClCompile>
    <ClCompile Include="ImGui\imguiManager.cpp">
      <Filter>ImGui</Filter>
    </ClCompile>
    <ClCompile Include="ImGui\ImGuizmo.cpp">
      <Filter>ImGui</Filter>
    </ClCompile>
    <ClCompile Include="MultiRenderTarget\MulutiRenderTarget.cpp" />
    <ClCompile Include="ConstantBufferManager\ConstantBufferLapper.cpp">
      <Filter>ConstantBufferManager</Filter>
    </ClCompile>
    <ClCompile Include="ConstantBufferManager\ConstantBufferManager.cpp">
      <Filter>ConstantBufferManager</Filter>
    </ClCompile>
    <ClCompile Include="Math\Mathf.h">
      <Filter>Math</Filter>
    </ClCompile>
    <ClCompile Include="Math\Vector3.cpp">
      <Filter>Math</Filter>
    </ClCompile>
    <ClCompile Include="3d\DrawFbx.cpp" />
    <ClCompile Include="Object\Object.cpp">
      <Filter>Object</Filter>
    </ClCompile>
    <ClCompile Include="Text\Text.cpp" />
    <ClCompile Include="Object\GameObject\GameObject.cpp">
      <Filter>Object\GameObject</Filter>
    </ClCompile>
    <ClCompile Include="Math\Easing.cpp">
      <Filter>Math</Filter>
    </ClCompile>
    <ClCompile Include="Time\Time.cpp">
      <Filter>Time</Filter>
    </ClCompile>
    <ClCompile Include="Math\Quaternion.cpp">
      <Filter>Math</Filter>
    </ClCompile>
    <ClCompile Include="Object\Material\Material.cpp">
      <Filter>Object\Material</Filter>
    </ClCompile>
    <ClCompile Include="Renderer.cpp">
      <Filter>Object\Component\Renderer</Filter>
    </ClCompile>
    <ClCompile Include="Object\Component\Renderer\MeshRenderer\MeshRenderer.cpp">
      <Filter>Object\Component\Renderer\MeshRenderer</Filter>
    </ClCompile>
    <ClCompile Include="Input.cpp">
      <Filter>Input</Filter>
    </ClCompile>
    <ClCompile Include="Object\Component\Camera.cpp">
      <Filter>Object\Component\Camera</Filter>
    </ClCompile>
    <ClCompile Include="Object\Component\Transform.cpp">
      <Filter>Object\Component\Transform</Filter>
    </ClCompile>
    <ClCompile Include="Object\Component\Rigidbody.cpp">
      <Filter>Object\Component\Rigidbody</Filter>
    </ClCompile>
    <ClCompile Include="Math\Vector2.cpp">
      <Filter>Math</Filter>
    </ClCompile>
    <ClCompile Include="Object\Component\Collider\Collider.cpp">
      <Filter>Object\Component\Collider</Filter>
    </ClCompile>
    <ClCompile Include="Object\Component\Collider\SphereCollider\SphereCollider.cpp">
      <Filter>Object\Component\Collider\SphereCollider</Filter>
    </ClCompile>
    <ClCompile Include="Object\Component\Light.cpp">
      <Filter>Object\Component\Light</Filter>
    </ClCompile>
    <ClCompile Include="Assets\Scripts\Player.cpp">
      <Filter>Asset\Player</Filter>
    </ClCompile>
    <ClCompile Include="Collision\Collision.cpp">
      <Filter>Collision</Filter>
    </ClCompile>
    <ClCompile Include="Collision\CheckCollision.cpp">
      <Filter>Collision</Filter>
    </ClCompile>
    <ClCompile Include="Math\Matrix4x4.cpp">
      <Filter>Math</Filter>
    </ClCompile>
    <ClCompile Include="Assets\Scripts\Enemy.cpp">
      <Filter>Asset\Enemy</Filter>
    </ClCompile>
    <ClCompile Include="Math\Vector4.cpp">
      <Filter>Math</Filter>
    </ClCompile>
    <ClCompile Include="Object\Mesh\Mesh.cpp">
      <Filter>Object\Mesh</Filter>
    </ClCompile>
    <ClCompile Include="Assets\Scripts\CameraController.cpp">
      <Filter>Asset\CameraController</Filter>
    </ClCompile>
    <ClCompile Include="Scene\Manager\CameraManager.cpp">
      <Filter>Scene\CameraManager</Filter>
    </ClCompile>
    <ClCompile Include="Scene\Manager\GameObjectManager.cpp">
      <Filter>Scene\GameObjectManager</Filter>
    </ClCompile>
    <ClCompile Include="Assets\Scripts\EnemyBase.cpp">
      <Filter>Asset\Enemy</Filter>
    </ClCompile>
    <ClCompile Include="Assets\Scripts\FlyEnemy.cpp">
      <Filter>Asset\Enemy\FlyEnemy</Filter>
    </ClCompile>
    <ClCompile Include="Scene\Manager\LightManager.cpp">
      <Filter>Scene\LightManager</Filter>
    </ClCompile>
    <ClCompile Include="Weapon.cpp">
      <Filter>Asset\Wepon</Filter>
    </ClCompile>
    <ClCompile Include="Assets\Scripts\Drone.cpp">
      <Filter>Asset\Drone</Filter>
    </ClCompile>
    <ClCompile Include="Object\Component\Collider\OBBCollider\OBBCollider.cpp">
      <Filter>Object\Component\Collider\OBBCollider</Filter>
    </ClCompile>
    <ClCompile Include="PlayerBullet.cpp">
      <Filter>Asset\Drone</Filter>
    </ClCompile>
    <ClCompile Include="Assets\Scripts\FlyEnemyEye.cpp">
      <Filter>Asset\Enemy\FlyEnemy</Filter>
    </ClCompile>
    <ClCompile Include="Texture.cpp">
      <Filter>ResourceManager</Filter>
    </ClCompile>
    <ClCompile Include="Object\Component\Transform\RectTransform.cpp">
      <Filter>Object\Component\Transform\RectTransform</Filter>
    </ClCompile>
    <ClCompile Include="Assets\Scripts\CameraController\PlayerCameraController.cpp">
      <Filter>Asset\CameraController</Filter>
    </ClCompile>
    <ClCompile Include="Assets\Scripts\SpikeEnemy.cpp">
      <Filter>Asset\Enemy\SpikeEnemy</Filter>
    </ClCompile>
    <ClCompile Include="Assets\Scripts\EnemySearchPlayer.cpp">
      <Filter>Asset\Enemy\SpikeEnemy</Filter>
    </ClCompile>
    <ClCompile Include="Object\Component\Behaviour\MonoBehaviour.cpp">
      <Filter>Object\Component\Behaviour</Filter>
    </ClCompile>
    <ClCompile Include="Object\Component\Behaviour.cpp">
      <Filter>Object\Component</Filter>
    </ClCompile>
    <ClCompile Include="Object\Component\Component.cpp">
      <Filter>Object</Filter>
    </ClCompile>
    <ClCompile Include="Object\Component\Behaviour\MonoBehaviour\Image.cpp">
      <Filter>Object\Component\Behaviour\MonoBehaviour</Filter>
    </ClCompile>
  </ItemGroup>
  <ItemGroup>
    <ClInclude Include="..\DirectX\AudioManager\AudioManager.h" />
    <ClInclude Include="..\DirectX\DirectXCommon\DirectXCommon.h" />
    <ClInclude Include="..\DirectX\Input\ControllerInput.h" />
    <ClInclude Include="..\DirectX\Object3d\ModelManager.h" />
    <ClInclude Include="..\DirectX\WinApp\WinApp.h" />
    <ClInclude Include="..\Scene\GameScene.h" />
    <ClInclude Include="..\Scene\TitleScene.h" />
    <ClInclude Include="..\System\IoChangedListener\IoChangedListener.h" />
    <ClInclude Include="..\System\Looper\Looper.h" />
    <ClInclude Include="..\System\SystemMain\SystemMain.h" />
    <ClInclude Include="2d\PostEffect.h" />
    <ClInclude Include="2d\Sprite.h" />
    <ClInclude Include="Editor.h" />
    <ClInclude Include="FileManager.h" />
    <ClInclude Include="Object3dComponent.h" />
    <ClInclude Include="PipelineManager.h" />
    <ClInclude Include="PrimitiveRenderer.h" />
    <ClInclude Include="3d\Fbx\Fbx.h">
      <Filter>3dオブジェクト\FBX</Filter>
    </ClInclude>
    <ClInclude Include="3d\Fbx\FbxResource.h">
      <Filter>3dオブジェクト\FBX</Filter>
    </ClInclude>
    <ClInclude Include="Scene\AbstractScene\AbstractScene.h">
      <Filter>Scene\AbstractScene</Filter>
    </ClInclude>
    <ClInclude Include="ImGui\imconfig.h">
      <Filter>ImGui</Filter>
    </ClInclude>
    <ClInclude Include="ImGui\imgui.h">
      <Filter>ImGui</Filter>
    </ClInclude>
    <ClInclude Include="ImGui\imgui_impl_dx12.h">
      <Filter>ImGui</Filter>
    </ClInclude>
    <ClInclude Include="ImGui\imgui_impl_win32.h">
      <Filter>ImGui</Filter>
    </ClInclude>
    <ClInclude Include="ImGui\imgui_internal.h">
      <Filter>ImGui</Filter>
    </ClInclude>
    <ClInclude Include="ImGui\imguiManager.h">
      <Filter>ImGui</Filter>
    </ClInclude>
    <ClInclude Include="ImGui\imstb_rectpack.h">
      <Filter>ImGui</Filter>
    </ClInclude>
    <ClInclude Include="ImGui\imstb_textedit.h">
      <Filter>ImGui</Filter>
    </ClInclude>
    <ClInclude Include="ImGui\imstb_truetype.h">
      <Filter>ImGui</Filter>
    </ClInclude>
    <ClInclude Include="ImGui\ImGuizmo.h">
      <Filter>ImGui</Filter>
    </ClInclude>
    <ClInclude Include="MultiRenderTarget\MulutiRenderTarget.h" />
    <ClInclude Include="ConstantBufferManager\ConstantBufferLapper.h">
      <Filter>ConstantBufferManager</Filter>
    </ClInclude>
    <ClInclude Include="ConstantBufferManager\ConstantBufferManager.h">
      <Filter>ConstantBufferManager</Filter>
    </ClInclude>
    <ClInclude Include="ConstantBufferManager\ConstantBuffer.h">
      <Filter>ConstantBufferManager</Filter>
    </ClInclude>
    <ClInclude Include="Math\Vector3.h">
      <Filter>Math</Filter>
    </ClInclude>
    <ClInclude Include="3d\DrawFbx.h" />
    <ClInclude Include="Math\Quaternion.h">
      <Filter>Math</Filter>
    </ClInclude>
    <ClInclude Include="Object\Object.h">
      <Filter>Object</Filter>
    </ClInclude>
    <ClInclude Include="Text\Text.h" />
    <ClInclude Include="Object\GameObject\GameObject.h">
      <Filter>Object\GameObject</Filter>
    </ClInclude>
    <ClInclude Include="Math\Easing.h">
      <Filter>Math</Filter>
    </ClInclude>
    <ClInclude Include="Property.h" />
    <ClInclude Include="Time\Time.h">
      <Filter>Time</Filter>
    </ClInclude>
    <ClInclude Include="Object\Material\Material.h">
      <Filter>Object\Material</Filter>
    </ClInclude>
    <ClInclude Include="Renderer.h">
      <Filter>Object\Component\Renderer</Filter>
    </ClInclude>
    <ClInclude Include="Object\Component\Renderer\MeshRenderer\MeshRenderer.h">
      <Filter>Object\Component\Renderer\MeshRenderer</Filter>
    </ClInclude>
    <ClInclude Include="Input.h">
      <Filter>Input</Filter>
    </ClInclude>
    <ClInclude Include="Object\Component\Camera.h">
      <Filter>Object\Component\Camera</Filter>
    </ClInclude>
    <ClInclude Include="Object\Component\Transform.h">
      <Filter>Object\Component\Transform</Filter>
    </ClInclude>
    <ClInclude Include="Object\Component\Rigidbody.h">
      <Filter>Object\Component\Rigidbody</Filter>
    </ClInclude>
    <ClInclude Include="Math\Vector2.h">
      <Filter>Math</Filter>
    </ClInclude>
    <ClInclude Include="Object\Component\Collider\Collider.h">
      <Filter>Object\Component\Collider</Filter>
    </ClInclude>
    <ClInclude Include="Object\Component\Collider\SphereCollider\SphereCollider.h">
      <Filter>Object\Component\Collider\SphereCollider</Filter>
    </ClInclude>
    <ClInclude Include="Object\Component\Light.h">
      <Filter>Object\Component\Light</Filter>
    </ClInclude>
    <ClInclude Include="Assets\Scripts\Player.h">
      <Filter>Asset\Player</Filter>
    </ClInclude>
    <ClInclude Include="Collision\Collision.h">
      <Filter>Collision</Filter>
    </ClInclude>
    <ClInclude Include="Collision\CheckCollision.h">
      <Filter>Collision</Filter>
    </ClInclude>
    <ClInclude Include="Collision\Primitive.h">
      <Filter>Collision</Filter>
    </ClInclude>
    <ClInclude Include="Math\Matrix4x4.h">
      <Filter>Math</Filter>
    </ClInclude>
    <ClInclude Include="Assets\Scripts\Enemy.h">
      <Filter>Asset\Enemy</Filter>
    </ClInclude>
    <ClInclude Include="Math\Vector4.h">
      <Filter>Math</Filter>
    </ClInclude>
    <ClInclude Include="Object\Mesh\Mesh.h">
      <Filter>Object\Mesh</Filter>
    </ClInclude>
    <ClInclude Include="Assets\Scripts\CameraController.h">
      <Filter>Asset\CameraController</Filter>
    </ClInclude>
    <ClInclude Include="Scene\Manager\CameraManager.h">
      <Filter>Scene\CameraManager</Filter>
    </ClInclude>
    <ClInclude Include="Scene\Manager\GameObjectManager.h">
      <Filter>Scene\GameObjectManager</Filter>
    </ClInclude>
    <ClInclude Include="Assets\Scripts\EnemyBase.h">
      <Filter>Asset\Enemy</Filter>
    </ClInclude>
    <ClInclude Include="Assets\Scripts\FlyEnemy.h">
      <Filter>Asset\Enemy\FlyEnemy</Filter>
    </ClInclude>
    <ClInclude Include="Collision\ContactPoint.h">
      <Filter>Collision</Filter>
    </ClInclude>
    <ClInclude Include="Scene\Manager\LightManager.h">
      <Filter>Scene\LightManager</Filter>
    </ClInclude>
    <ClInclude Include="Weapon.h">
      <Filter>Asset\Wepon</Filter>
    </ClInclude>
    <ClInclude Include="Assets\Scripts\Drone.h">
      <Filter>Asset\Drone</Filter>
    </ClInclude>
    <ClInclude Include="Object\Component\Collider\OBBCollider\OBBCollider.h">
      <Filter>Object\Component\Collider\OBBCollider</Filter>
    </ClInclude>
    <ClInclude Include="PlayerBullet.h">
      <Filter>Asset\Drone</Filter>
    </ClInclude>
    <ClInclude Include="Assets\Scripts\FlyEnemyEye.h">
      <Filter>Asset\Enemy\FlyEnemy</Filter>
    </ClInclude>
    <ClInclude Include="Texture.h">
      <Filter>ResourceManager</Filter>
    </ClInclude>
    <ClInclude Include="..\lib\nlohmann\json.hpp" />
    <ClInclude Include="Object\Component\Transform\RectTransform.h">
      <Filter>Object\Component\Transform\RectTransform</Filter>
    </ClInclude>
    <ClInclude Include="Assets\Scripts\CameraController\PlayerCameraController.h">
      <Filter>Asset\CameraController</Filter>
    </ClInclude>
    <ClInclude Include="Assets\Scripts\SpikeEnemy.h">
      <Filter>Asset\Enemy\SpikeEnemy</Filter>
    </ClInclude>
    <ClInclude Include="Assets\Scripts\EnemySearchPlayer.h">
      <Filter>Asset\Enemy\SpikeEnemy</Filter>
    </ClInclude>
    <ClInclude Include="Object\Component\Behaviour\MonoBehaviour.h">
      <Filter>Object\Component\Behaviour</Filter>
    </ClInclude>
    <ClInclude Include="Object\Component\Behaviour.h">
      <Filter>Object\Component</Filter>
    </ClInclude>
    <ClInclude Include="Object\Component\Component.h">
      <Filter>Object</Filter>
    </ClInclude>
    <ClInclude Include="Object\Component\Behaviour\MonoBehaviour\Image.h">
      <Filter>Object\Component\Behaviour\MonoBehaviour</Filter>
    </ClInclude>
  </ItemGroup>
  <ItemGroup>
    <None Include="Assets\Shaders\PostEffect.hlsli" />
    <None Include="Assets\Shaders\3d\GBuffer.hlsli">
      <Filter>Shader\3d\GBuffer</Filter>
    </None>
    <None Include="Assets\Shaders\3d\DeferredShader.hlsli">
      <Filter>Shader\3d\GBuffer</Filter>
    </None>
    <None Include="Assets\Shaders\SkyBox.hlsli">
      <Filter>Shader\3d</Filter>
    </None>
  </ItemGroup>
  <ItemGroup>
    <Filter Include="Scene">
      <UniqueIdentifier>{59dc8dab-9aa1-4b39-850f-4e0b6f9c6a06}</UniqueIdentifier>
    </Filter>
    <Filter Include="Scene\AbstractScene">
      <UniqueIdentifier>{435fdfc6-4dc6-4655-97f3-f556fc5e7565}</UniqueIdentifier>
    </Filter>
    <Filter Include="Shader">
      <UniqueIdentifier>{4ef49560-38b2-4aab-b6aa-ef9eb7dca403}</UniqueIdentifier>
    </Filter>
    <Filter Include="ImGui">
      <UniqueIdentifier>{357a0535-ec4c-419d-b10b-1d80c80d6beb}</UniqueIdentifier>
    </Filter>
    <Filter Include="Shader\3d">
      <UniqueIdentifier>{f02458ce-32e4-4282-9b26-ee732223987c}</UniqueIdentifier>
    </Filter>
    <Filter Include="Shader\3d\GBuffer">
      <UniqueIdentifier>{78e17c48-f1f1-4d1a-a8e3-c11914db4dd1}</UniqueIdentifier>
    </Filter>
    <Filter Include="ConstantBufferManager">
      <UniqueIdentifier>{4b06ebc0-7122-4445-ae2a-40faa339a3a0}</UniqueIdentifier>
    </Filter>
    <Filter Include="Math">
      <UniqueIdentifier>{0628c83e-2193-4e75-86c3-c0372e26b97f}</UniqueIdentifier>
    </Filter>
    <Filter Include="3dオブジェクト">
      <UniqueIdentifier>{91415ae9-e3ca-470e-a91b-e678c1952c18}</UniqueIdentifier>
    </Filter>
    <Filter Include="3dオブジェクト\FBX">
      <UniqueIdentifier>{c8ac2e1d-f171-4050-b7ba-dc176938b264}</UniqueIdentifier>
    </Filter>
    <Filter Include="Time">
      <UniqueIdentifier>{086a8f6d-1484-4859-8da9-6fab5f0e4ef3}</UniqueIdentifier>
    </Filter>
    <Filter Include="Input">
      <UniqueIdentifier>{1bca81a4-85d8-4e8f-80cc-e71c7d46f06b}</UniqueIdentifier>
    </Filter>
    <Filter Include="Object">
      <UniqueIdentifier>{58b65b59-e841-4d86-9aa3-b6c1a7a398f0}</UniqueIdentifier>
    </Filter>
    <Filter Include="Object\GameObject">
      <UniqueIdentifier>{c0253acf-c08c-439e-86a2-09ef48cf0086}</UniqueIdentifier>
    </Filter>
    <Filter Include="Object\Component">
      <UniqueIdentifier>{ee098992-f0f2-4839-bc3e-5883ff1534cf}</UniqueIdentifier>
    </Filter>
    <Filter Include="Object\Component\Renderer">
      <UniqueIdentifier>{2675058c-c700-42f3-9ee9-4456c2581671}</UniqueIdentifier>
    </Filter>
    <Filter Include="Object\Component\Renderer\MeshRenderer">
      <UniqueIdentifier>{3f95c123-9e2e-414d-8adc-f4644083d2f5}</UniqueIdentifier>
    </Filter>
    <Filter Include="Object\Material">
      <UniqueIdentifier>{e4cf7465-6312-45f3-898e-b2312654abed}</UniqueIdentifier>
    </Filter>
    <Filter Include="Object\Component\Collider">
      <UniqueIdentifier>{907e9985-2a5b-49d5-a77a-cbc89069dd4b}</UniqueIdentifier>
    </Filter>
    <Filter Include="Object\Component\Behaviour">
      <UniqueIdentifier>{40ccd1ba-b155-4e85-b236-4192cbe4050f}</UniqueIdentifier>
    </Filter>
    <Filter Include="Object\Component\Behaviour\MonoBehaviour">
      <UniqueIdentifier>{537ee50a-d73d-4e91-ae68-62d90cde5286}</UniqueIdentifier>
    </Filter>
    <Filter Include="Object\Component\Collider\SphereCollider">
      <UniqueIdentifier>{aa42154a-021f-408c-b5aa-32e70e35dae4}</UniqueIdentifier>
    </Filter>
    <Filter Include="Object\Component\Collider\CapsuleCollider">
      <UniqueIdentifier>{183b1d38-c384-49d0-83ba-8cd8b18a5dc0}</UniqueIdentifier>
    </Filter>
    <Filter Include="Object\Component\Collider\MeshCollider">
      <UniqueIdentifier>{6d5ac3d6-8e71-4459-8159-75ebb64cb73f}</UniqueIdentifier>
    </Filter>
    <Filter Include="Object\Component\Light">
      <UniqueIdentifier>{86374e8a-36f0-4ae1-adbf-152232335174}</UniqueIdentifier>
    </Filter>
    <Filter Include="Asset">
      <UniqueIdentifier>{4d28c3cb-65ca-4757-8f13-379f06a3a677}</UniqueIdentifier>
    </Filter>
    <Filter Include="Asset\Player">
      <UniqueIdentifier>{bf7e6b15-6f73-447c-84d4-a6173d78679e}</UniqueIdentifier>
    </Filter>
    <Filter Include="Collision">
      <UniqueIdentifier>{cb9b5f93-f30a-4167-9482-0979d818a40b}</UniqueIdentifier>
    </Filter>
    <Filter Include="Asset\Enemy">
      <UniqueIdentifier>{4b3fea8a-9cd3-41e8-bf72-ae70a19930f0}</UniqueIdentifier>
    </Filter>
    <Filter Include="Object\Mesh">
      <UniqueIdentifier>{f3e41ae5-9ea7-4f53-b50e-ff0726bd4ac4}</UniqueIdentifier>
    </Filter>
    <Filter Include="Asset\CameraController">
      <UniqueIdentifier>{4872565f-952f-45dc-9d1a-aaccf118a49a}</UniqueIdentifier>
    </Filter>
    <Filter Include="Scene\GameObjectManager">
      <UniqueIdentifier>{b8dcce34-6e68-4147-b157-1678b53ae4a2}</UniqueIdentifier>
    </Filter>
    <Filter Include="Scene\CameraManager">
      <UniqueIdentifier>{cce538fc-ca3b-4da0-8f48-3c0faa063553}</UniqueIdentifier>
    </Filter>
    <Filter Include="Asset\Enemy\FlyEnemy">
      <UniqueIdentifier>{84816d05-04a3-40d7-94e1-ecb56ea38e4e}</UniqueIdentifier>
    </Filter>
    <Filter Include="Scene\LightManager">
      <UniqueIdentifier>{30c8dcd7-f188-454e-9545-289315d964bc}</UniqueIdentifier>
    </Filter>
    <Filter Include="Asset\Wepon">
      <UniqueIdentifier>{066e1d04-c7bd-4dcd-bdbb-20b52fc8d7ab}</UniqueIdentifier>
    </Filter>
    <Filter Include="Asset\Drone">
      <UniqueIdentifier>{07f111dd-7fea-46bc-a4eb-96c038b797d9}</UniqueIdentifier>
    </Filter>
    <Filter Include="Object\Component\Rigidbody">
      <UniqueIdentifier>{f59d614d-d1fb-48a4-9e4e-fd847a29aeaa}</UniqueIdentifier>
    </Filter>
    <Filter Include="Object\Component\Camera">
      <UniqueIdentifier>{8629037c-d168-4720-b5cc-18ebc4d5aa22}</UniqueIdentifier>
    </Filter>
    <Filter Include="Object\Component\Transform">
      <UniqueIdentifier>{e07596c2-9c32-458f-9501-dc4c7567705f}</UniqueIdentifier>
    </Filter>
    <Filter Include="Object\Component\Collider\OBBCollider">
      <UniqueIdentifier>{263bddcc-a9e2-434b-b5f4-5de3c9cab0bc}</UniqueIdentifier>
    </Filter>
    <Filter Include="ResourceManager">
      <UniqueIdentifier>{666a3a27-8557-42c3-bfc3-e8d2b576eec9}</UniqueIdentifier>
    </Filter>
    <Filter Include="Object\Component\Transform\RectTransform">
      <UniqueIdentifier>{a55043a6-18d6-49b9-a87d-49c262acb7e9}</UniqueIdentifier>
    </Filter>
    <Filter Include="Asset\Enemy\SpikeEnemy">
      <UniqueIdentifier>{6e0b262c-863e-4d9f-be1c-63980299f92f}</UniqueIdentifier>
    </Filter>
    <Filter Include="Asset\Damage">
      <UniqueIdentifier>{8bc5368c-454e-4311-bfc3-746c0b5bbb1e}</UniqueIdentifier>
    </Filter>
    <Filter Include="Object\Component\Behaviour\MonoBehaviour\Image">
      <UniqueIdentifier>{884c8f77-a737-4f58-95ef-3ac973f8e0b2}</UniqueIdentifier>
    </Filter>
  </ItemGroup>
</Project>